
Microsoft Visual Studio Solution File, Format Version 12.00
# Visual Studio Version 17
VisualStudioVersion = 17.0.32002.185
MinimumVisualStudioVersion = 10.0.40219.1
Project("{9A19103F-16F7-4668-BE54-9A1E7A4F7556}") = "RTGS.IDCrypt.Service", "RTGS.IDCrypt.Service\RTGS.IDCrypt.Service.csproj", "{4644C316-64D1-42A3-867F-7F6D45B25703}"
EndProject
Project("{9A19103F-16F7-4668-BE54-9A1E7A4F7556}") = "RTGS.IDCrypt.Service.Tests", "RTGS.IDCrypt.Service.Tests\RTGS.IDCrypt.Service.Tests.csproj", "{7661B70D-2788-4A1D-9B36-7B7BA6CAD03C}"
EndProject
Project("{2150E333-8FDC-42A3-9474-1A3956D46DE8}") = "Tests", "Tests", "{B60E7E07-8E30-485B-A971-AB3E649B338A}"
EndProject
Project("{2150E333-8FDC-42A3-9474-1A3956D46DE8}") = "Code", "Code", "{D9A7FD22-6BCC-4FC8-88A0-2873D4203F6B}"
EndProject
Project("{9A19103F-16F7-4668-BE54-9A1E7A4F7556}") = "RTGS.IDCrypt.Service.IntegrationTests", "RTGS.IDCrypt.Service.IntegrationTests\RTGS.IDCrypt.Service.IntegrationTests.csproj", "{BE31246D-9A8A-48E4-A4E7-ABABA078DD3C}"
EndProject
Project("{9A19103F-16F7-4668-BE54-9A1E7A4F7556}") = "RTGS.IDCrypt.Service.Contracts", "RTGS.IDCrypt.Service.Contracts\RTGS.IDCrypt.Service.Contracts.csproj", "{95714053-3451-45F3-A618-0BE50A0BB0F0}"
EndProject
Project("{9A19103F-16F7-4668-BE54-9A1E7A4F7556}") = "RTGS.IDCrypt.Service.ConnectionCycleScheduler", "RTGS.IDCrypt.Service.ConnectionCycleScheduler\RTGS.IDCrypt.Service.ConnectionCycleScheduler.csproj", "{EB871651-CDDD-44D2-A550-BD634D2A8D7E}"
EndProject
Project("{9A19103F-16F7-4668-BE54-9A1E7A4F7556}") = "RTGS.IDCrypt.Service.ConnectionCycleScheduler.Tests", "RTGS.IDCrypt.Service.ConnectionCycleScheduler.Tests\RTGS.IDCrypt.Service.ConnectionCycleScheduler.Tests.csproj", "{19058B44-9392-463C-B5CB-303C700DD1D5}"
EndProject
Project("{9A19103F-16F7-4668-BE54-9A1E7A4F7556}") = "RTGS.IDCrypt.Service.ConnectionCycleScheduler.IntegrationTests", "RTGS.IDCrypt.Service.ConnectionCycleScheduler.IntegrationTests\RTGS.IDCrypt.Service.ConnectionCycleScheduler.IntegrationTests.csproj", "{3CC6D284-AAF7-4B0E-AF1B-116C3F3DD0B7}"
EndProject
Global
	GlobalSection(SolutionConfigurationPlatforms) = preSolution
		Debug|Any CPU = Debug|Any CPU
		Release|Any CPU = Release|Any CPU
	EndGlobalSection
	GlobalSection(ProjectConfigurationPlatforms) = postSolution
		{4644C316-64D1-42A3-867F-7F6D45B25703}.Debug|Any CPU.ActiveCfg = Debug|Any CPU
		{4644C316-64D1-42A3-867F-7F6D45B25703}.Debug|Any CPU.Build.0 = Debug|Any CPU
		{4644C316-64D1-42A3-867F-7F6D45B25703}.Release|Any CPU.ActiveCfg = Release|Any CPU
		{4644C316-64D1-42A3-867F-7F6D45B25703}.Release|Any CPU.Build.0 = Release|Any CPU
		{7661B70D-2788-4A1D-9B36-7B7BA6CAD03C}.Debug|Any CPU.ActiveCfg = Debug|Any CPU
		{7661B70D-2788-4A1D-9B36-7B7BA6CAD03C}.Debug|Any CPU.Build.0 = Debug|Any CPU
		{7661B70D-2788-4A1D-9B36-7B7BA6CAD03C}.Release|Any CPU.ActiveCfg = Release|Any CPU
		{7661B70D-2788-4A1D-9B36-7B7BA6CAD03C}.Release|Any CPU.Build.0 = Release|Any CPU
		{BE31246D-9A8A-48E4-A4E7-ABABA078DD3C}.Debug|Any CPU.ActiveCfg = Debug|Any CPU
		{BE31246D-9A8A-48E4-A4E7-ABABA078DD3C}.Debug|Any CPU.Build.0 = Debug|Any CPU
		{BE31246D-9A8A-48E4-A4E7-ABABA078DD3C}.Release|Any CPU.ActiveCfg = Release|Any CPU
		{BE31246D-9A8A-48E4-A4E7-ABABA078DD3C}.Release|Any CPU.Build.0 = Release|Any CPU
		{95714053-3451-45F3-A618-0BE50A0BB0F0}.Debug|Any CPU.ActiveCfg = Debug|Any CPU
		{95714053-3451-45F3-A618-0BE50A0BB0F0}.Debug|Any CPU.Build.0 = Debug|Any CPU
		{95714053-3451-45F3-A618-0BE50A0BB0F0}.Release|Any CPU.ActiveCfg = Release|Any CPU
		{95714053-3451-45F3-A618-0BE50A0BB0F0}.Release|Any CPU.Build.0 = Release|Any CPU
		{EB871651-CDDD-44D2-A550-BD634D2A8D7E}.Debug|Any CPU.ActiveCfg = Debug|Any CPU
		{EB871651-CDDD-44D2-A550-BD634D2A8D7E}.Debug|Any CPU.Build.0 = Debug|Any CPU
		{EB871651-CDDD-44D2-A550-BD634D2A8D7E}.Release|Any CPU.ActiveCfg = Release|Any CPU
		{EB871651-CDDD-44D2-A550-BD634D2A8D7E}.Release|Any CPU.Build.0 = Release|Any CPU
		{19058B44-9392-463C-B5CB-303C700DD1D5}.Debug|Any CPU.ActiveCfg = Debug|Any CPU
		{19058B44-9392-463C-B5CB-303C700DD1D5}.Debug|Any CPU.Build.0 = Debug|Any CPU
		{19058B44-9392-463C-B5CB-303C700DD1D5}.Release|Any CPU.ActiveCfg = Release|Any CPU
		{19058B44-9392-463C-B5CB-303C700DD1D5}.Release|Any CPU.Build.0 = Release|Any CPU
		{3CC6D284-AAF7-4B0E-AF1B-116C3F3DD0B7}.Debug|Any CPU.ActiveCfg = Debug|Any CPU
		{3CC6D284-AAF7-4B0E-AF1B-116C3F3DD0B7}.Debug|Any CPU.Build.0 = Debug|Any CPU
		{3CC6D284-AAF7-4B0E-AF1B-116C3F3DD0B7}.Release|Any CPU.ActiveCfg = Release|Any CPU
		{3CC6D284-AAF7-4B0E-AF1B-116C3F3DD0B7}.Release|Any CPU.Build.0 = Release|Any CPU
	EndGlobalSection
	GlobalSection(SolutionProperties) = preSolution
		HideSolutionNode = FALSE
	EndGlobalSection
	GlobalSection(NestedProjects) = preSolution
		{4644C316-64D1-42A3-867F-7F6D45B25703} = {D9A7FD22-6BCC-4FC8-88A0-2873D4203F6B}
		{7661B70D-2788-4A1D-9B36-7B7BA6CAD03C} = {B60E7E07-8E30-485B-A971-AB3E649B338A}
		{BE31246D-9A8A-48E4-A4E7-ABABA078DD3C} = {B60E7E07-8E30-485B-A971-AB3E649B338A}
		{95714053-3451-45F3-A618-0BE50A0BB0F0} = {D9A7FD22-6BCC-4FC8-88A0-2873D4203F6B}
		{EB871651-CDDD-44D2-A550-BD634D2A8D7E} = {D9A7FD22-6BCC-4FC8-88A0-2873D4203F6B}
		{19058B44-9392-463C-B5CB-303C700DD1D5} = {B60E7E07-8E30-485B-A971-AB3E649B338A}
		{3CC6D284-AAF7-4B0E-AF1B-116C3F3DD0B7} = {B60E7E07-8E30-485B-A971-AB3E649B338A}
	EndGlobalSection
	GlobalSection(ExtensibilityGlobals) = postSolution
		SolutionGuid = {072139B7-F9CE-4CC0-A335-02CF53AFB43B}
	EndGlobalSection
EndGlobal
